
Microsoft Visual Studio Solution File, Format Version 12.00
# Visual Studio Version 17
VisualStudioVersion = 17.0.31912.275
MinimumVisualStudioVersion = 10.0.40219.1
Project("{FAE04EC0-301F-11D3-BF4B-00C04F79EFBC}") = "GraphLab2", "GraphLab2\GraphLab2.csproj", "{3E42D99B-6091-4573-89CC-ABDCE58C225D}"
EndProject
Global
	GlobalSection(SolutionConfigurationPlatforms) = preSolution
		Debug|Any CPU = Debug|Any CPU
		Release|Any CPU = Release|Any CPU
	EndGlobalSection
	GlobalSection(ProjectConfigurationPlatforms) = postSolution
		{3E42D99B-6091-4573-89CC-ABDCE58C225D}.Debug|Any CPU.ActiveCfg = Debug|Any CPU
		{3E42D99B-6091-4573-89CC-ABDCE58C225D}.Debug|Any CPU.Build.0 = Debug|Any CPU
		{3E42D99B-6091-4573-89CC-ABDCE58C225D}.Release|Any CPU.ActiveCfg = Release|Any CPU
		{3E42D99B-6091-4573-89CC-ABDCE58C225D}.Release|Any CPU.Build.0 = Release|Any CPU
	EndGlobalSection
	GlobalSection(SolutionProperties) = preSolution
		HideSolutionNode = FALSE
	EndGlobalSection
	GlobalSection(ExtensibilityGlobals) = postSolution
		SolutionGuid = {7909C55D-94F3-42C8-9F70-CD8998FEF8D5}
	EndGlobalSection
EndGlobal
