
Microsoft Visual Studio Solution File, Format Version 12.00
# Visual Studio Version 17
VisualStudioVersion = 17.0.31912.275
MinimumVisualStudioVersion = 10.0.40219.1
Project("{FAE04EC0-301F-11D3-BF4B-00C04F79EFBC}") = "GraphLab3", "GraphLab3\GraphLab3.csproj", "{55F81844-B721-41EB-A28B-D18F9F756152}"
EndProject
Global
	GlobalSection(SolutionConfigurationPlatforms) = preSolution
		Debug|Any CPU = Debug|Any CPU
		Release|Any CPU = Release|Any CPU
	EndGlobalSection
	GlobalSection(ProjectConfigurationPlatforms) = postSolution
		{55F81844-B721-41EB-A28B-D18F9F756152}.Debug|Any CPU.ActiveCfg = Debug|Any CPU
		{55F81844-B721-41EB-A28B-D18F9F756152}.Debug|Any CPU.Build.0 = Debug|Any CPU
		{55F81844-B721-41EB-A28B-D18F9F756152}.Release|Any CPU.ActiveCfg = Release|Any CPU
		{55F81844-B721-41EB-A28B-D18F9F756152}.Release|Any CPU.Build.0 = Release|Any CPU
	EndGlobalSection
	GlobalSection(SolutionProperties) = preSolution
		HideSolutionNode = FALSE
	EndGlobalSection
	GlobalSection(ExtensibilityGlobals) = postSolution
		SolutionGuid = {D320378F-18D3-4927-B7D3-471DF49AD270}
	EndGlobalSection
EndGlobal
